
Microsoft Visual Studio Solution File, Format Version 12.00
# Visual Studio Version 16
VisualStudioVersion = 16.0.30907.101
MinimumVisualStudioVersion = 10.0.40219.1
Project("{9A19103F-16F7-4668-BE54-9A1E7A4F7556}") = "KampIntro", "KampIntro\KampIntro.csproj", "{8239FA3B-E94A-4587-B050-74E13E7E4258}"
EndProject
Project("{9A19103F-16F7-4668-BE54-9A1E7A4F7556}") = "Donguler", "Donguler\Donguler.csproj", "{78B40952-BE65-45E0-8752-CC057C0E9E17}"
EndProject
Project("{9A19103F-16F7-4668-BE54-9A1E7A4F7556}") = "IkinciGunOdev", "Odev\IkinciGunOdev.csproj", "{C6E6A5F3-CF84-4BB1-8E34-063129A9F746}"
EndProject
Project("{9A19103F-16F7-4668-BE54-9A1E7A4F7556}") = "Metotlar", "Metotlar\Metotlar.csproj", "{263C2142-676C-431F-BA73-09057440CE33}"
EndProject
Project("{9A19103F-16F7-4668-BE54-9A1E7A4F7556}") = "Matematik", "Matematik\Matematik.csproj", "{4FE2B4C6-6727-4DE1-9659-2470956DF8EA}"
EndProject
Project("{9A19103F-16F7-4668-BE54-9A1E7A4F7556}") = "DegerveReferansTipler", "DegerveReferansTipler\DegerveReferansTipler.csproj", "{144BEEE9-2391-4F77-B660-1979494824EC}"
EndProject
Project("{9A19103F-16F7-4668-BE54-9A1E7A4F7556}") = "ClassMetotDemo", "ClassMetotDemo\ClassMetotDemo.csproj", "{29EF89AF-6E9A-47D3-B763-B36E2D5EE740}"
EndProject
Project("{9A19103F-16F7-4668-BE54-9A1E7A4F7556}") = "OOP1", "OOP1\OOP1.csproj", "{44AEF3C0-F56D-43D4-A502-92FCDA0CB215}"
EndProject
Project("{9A19103F-16F7-4668-BE54-9A1E7A4F7556}") = "Koleksiyonlar", "Koleksiyonlar\Koleksiyonlar.csproj", "{BC993D06-0EF3-4B63-83AB-0D1A779E1A82}"
EndProject
Project("{9A19103F-16F7-4668-BE54-9A1E7A4F7556}") = "GenericsIntro", "GenericsIntro\GenericsIntro.csproj", "{9CDEC677-A853-4914-A6F4-84A7FAAB202E}"
EndProject
Project("{9A19103F-16F7-4668-BE54-9A1E7A4F7556}") = "ReferenceTypes", "ReferenceTypes\ReferenceTypes.csproj", "{A644040B-4F7B-4DEB-8280-27B77A3B445E}"
EndProject
Project("{9A19103F-16F7-4668-BE54-9A1E7A4F7556}") = "Constructors", "Constructors\Constructors.csproj", "{C4006B0C-3167-4763-B0FC-6EF858327343}"
EndProject
Project("{9A19103F-16F7-4668-BE54-9A1E7A4F7556}") = "Generics", "Generics\Generics.csproj", "{44357F8D-7C05-4ACE-A236-2E5330666234}"
EndProject
Project("{9A19103F-16F7-4668-BE54-9A1E7A4F7556}") = "OOP2", "OOP2\OOP2.csproj", "{00FA2D39-114F-4FF4-A957-9E223DEE5CBF}"
EndProject
Project("{9A19103F-16F7-4668-BE54-9A1E7A4F7556}") = "OOP3", "OOP3\OOP3.csproj", "{BCAD9C13-87B0-417B-800F-9F1FF8D093DE}"
EndProject
Project("{2150E333-8FDC-42A3-9474-1A3956D46DE8}") = "ClassandMethod", "ClassandMethod", "{7C263402-8569-4C1A-B989-DF71E25B67EA}"
EndProject
Project("{2150E333-8FDC-42A3-9474-1A3956D46DE8}") = "OOP", "OOP", "{EE131422-3D6D-435E-AED6-7FABF88D4CA2}"
EndProject
Project("{2150E333-8FDC-42A3-9474-1A3956D46DE8}") = "ValueandReferenceTypes", "ValueandReferenceTypes", "{AF331493-F80A-4DC0-813C-4488B8C27386}"
EndProject
Project("{2150E333-8FDC-42A3-9474-1A3956D46DE8}") = "Genericss", "Genericss", "{72CC514D-3143-469C-997D-4C1545C3CD5A}"
EndProject
Global
	GlobalSection(SolutionConfigurationPlatforms) = preSolution
		Debug|Any CPU = Debug|Any CPU
		Release|Any CPU = Release|Any CPU
	EndGlobalSection
	GlobalSection(ProjectConfigurationPlatforms) = postSolution
		{8239FA3B-E94A-4587-B050-74E13E7E4258}.Debug|Any CPU.ActiveCfg = Debug|Any CPU
		{8239FA3B-E94A-4587-B050-74E13E7E4258}.Debug|Any CPU.Build.0 = Debug|Any CPU
		{8239FA3B-E94A-4587-B050-74E13E7E4258}.Release|Any CPU.ActiveCfg = Release|Any CPU
		{8239FA3B-E94A-4587-B050-74E13E7E4258}.Release|Any CPU.Build.0 = Release|Any CPU
		{78B40952-BE65-45E0-8752-CC057C0E9E17}.Debug|Any CPU.ActiveCfg = Debug|Any CPU
		{78B40952-BE65-45E0-8752-CC057C0E9E17}.Debug|Any CPU.Build.0 = Debug|Any CPU
		{78B40952-BE65-45E0-8752-CC057C0E9E17}.Release|Any CPU.ActiveCfg = Release|Any CPU
		{78B40952-BE65-45E0-8752-CC057C0E9E17}.Release|Any CPU.Build.0 = Release|Any CPU
		{C6E6A5F3-CF84-4BB1-8E34-063129A9F746}.Debug|Any CPU.ActiveCfg = Debug|Any CPU
		{C6E6A5F3-CF84-4BB1-8E34-063129A9F746}.Debug|Any CPU.Build.0 = Debug|Any CPU
		{C6E6A5F3-CF84-4BB1-8E34-063129A9F746}.Release|Any CPU.ActiveCfg = Release|Any CPU
		{C6E6A5F3-CF84-4BB1-8E34-063129A9F746}.Release|Any CPU.Build.0 = Release|Any CPU
		{263C2142-676C-431F-BA73-09057440CE33}.Debug|Any CPU.ActiveCfg = Debug|Any CPU
		{263C2142-676C-431F-BA73-09057440CE33}.Debug|Any CPU.Build.0 = Debug|Any CPU
		{263C2142-676C-431F-BA73-09057440CE33}.Release|Any CPU.ActiveCfg = Release|Any CPU
		{263C2142-676C-431F-BA73-09057440CE33}.Release|Any CPU.Build.0 = Release|Any CPU
		{4FE2B4C6-6727-4DE1-9659-2470956DF8EA}.Debug|Any CPU.ActiveCfg = Debug|Any CPU
		{4FE2B4C6-6727-4DE1-9659-2470956DF8EA}.Debug|Any CPU.Build.0 = Debug|Any CPU
		{4FE2B4C6-6727-4DE1-9659-2470956DF8EA}.Release|Any CPU.ActiveCfg = Release|Any CPU
		{4FE2B4C6-6727-4DE1-9659-2470956DF8EA}.Release|Any CPU.Build.0 = Release|Any CPU
		{144BEEE9-2391-4F77-B660-1979494824EC}.Debug|Any CPU.ActiveCfg = Debug|Any CPU
		{144BEEE9-2391-4F77-B660-1979494824EC}.Debug|Any CPU.Build.0 = Debug|Any CPU
		{144BEEE9-2391-4F77-B660-1979494824EC}.Release|Any CPU.ActiveCfg = Release|Any CPU
		{144BEEE9-2391-4F77-B660-1979494824EC}.Release|Any CPU.Build.0 = Release|Any CPU
		{29EF89AF-6E9A-47D3-B763-B36E2D5EE740}.Debug|Any CPU.ActiveCfg = Debug|Any CPU
		{29EF89AF-6E9A-47D3-B763-B36E2D5EE740}.Debug|Any CPU.Build.0 = Debug|Any CPU
		{29EF89AF-6E9A-47D3-B763-B36E2D5EE740}.Release|Any CPU.ActiveCfg = Release|Any CPU
		{29EF89AF-6E9A-47D3-B763-B36E2D5EE740}.Release|Any CPU.Build.0 = Release|Any CPU
		{44AEF3C0-F56D-43D4-A502-92FCDA0CB215}.Debug|Any CPU.ActiveCfg = Debug|Any CPU
		{44AEF3C0-F56D-43D4-A502-92FCDA0CB215}.Debug|Any CPU.Build.0 = Debug|Any CPU
		{44AEF3C0-F56D-43D4-A502-92FCDA0CB215}.Release|Any CPU.ActiveCfg = Release|Any CPU
		{44AEF3C0-F56D-43D4-A502-92FCDA0CB215}.Release|Any CPU.Build.0 = Release|Any CPU
		{BC993D06-0EF3-4B63-83AB-0D1A779E1A82}.Debug|Any CPU.ActiveCfg = Debug|Any CPU
		{BC993D06-0EF3-4B63-83AB-0D1A779E1A82}.Debug|Any CPU.Build.0 = Debug|Any CPU
		{BC993D06-0EF3-4B63-83AB-0D1A779E1A82}.Release|Any CPU.ActiveCfg = Release|Any CPU
		{BC993D06-0EF3-4B63-83AB-0D1A779E1A82}.Release|Any CPU.Build.0 = Release|Any CPU
		{9CDEC677-A853-4914-A6F4-84A7FAAB202E}.Debug|Any CPU.ActiveCfg = Debug|Any CPU
		{9CDEC677-A853-4914-A6F4-84A7FAAB202E}.Debug|Any CPU.Build.0 = Debug|Any CPU
		{9CDEC677-A853-4914-A6F4-84A7FAAB202E}.Release|Any CPU.ActiveCfg = Release|Any CPU
		{9CDEC677-A853-4914-A6F4-84A7FAAB202E}.Release|Any CPU.Build.0 = Release|Any CPU
		{A644040B-4F7B-4DEB-8280-27B77A3B445E}.Debug|Any CPU.ActiveCfg = Debug|Any CPU
		{A644040B-4F7B-4DEB-8280-27B77A3B445E}.Debug|Any CPU.Build.0 = Debug|Any CPU
		{A644040B-4F7B-4DEB-8280-27B77A3B445E}.Release|Any CPU.ActiveCfg = Release|Any CPU
		{A644040B-4F7B-4DEB-8280-27B77A3B445E}.Release|Any CPU.Build.0 = Release|Any CPU
		{C4006B0C-3167-4763-B0FC-6EF858327343}.Debug|Any CPU.ActiveCfg = Debug|Any CPU
		{C4006B0C-3167-4763-B0FC-6EF858327343}.Debug|Any CPU.Build.0 = Debug|Any CPU
		{C4006B0C-3167-4763-B0FC-6EF858327343}.Release|Any CPU.ActiveCfg = Release|Any CPU
		{C4006B0C-3167-4763-B0FC-6EF858327343}.Release|Any CPU.Build.0 = Release|Any CPU
		{44357F8D-7C05-4ACE-A236-2E5330666234}.Debug|Any CPU.ActiveCfg = Debug|Any CPU
		{44357F8D-7C05-4ACE-A236-2E5330666234}.Debug|Any CPU.Build.0 = Debug|Any CPU
		{44357F8D-7C05-4ACE-A236-2E5330666234}.Release|Any CPU.ActiveCfg = Release|Any CPU
		{44357F8D-7C05-4ACE-A236-2E5330666234}.Release|Any CPU.Build.0 = Release|Any CPU
		{00FA2D39-114F-4FF4-A957-9E223DEE5CBF}.Debug|Any CPU.ActiveCfg = Debug|Any CPU
		{00FA2D39-114F-4FF4-A957-9E223DEE5CBF}.Debug|Any CPU.Build.0 = Debug|Any CPU
		{00FA2D39-114F-4FF4-A957-9E223DEE5CBF}.Release|Any CPU.ActiveCfg = Release|Any CPU
		{00FA2D39-114F-4FF4-A957-9E223DEE5CBF}.Release|Any CPU.Build.0 = Release|Any CPU
		{BCAD9C13-87B0-417B-800F-9F1FF8D093DE}.Debug|Any CPU.ActiveCfg = Debug|Any CPU
		{BCAD9C13-87B0-417B-800F-9F1FF8D093DE}.Debug|Any CPU.Build.0 = Debug|Any CPU
		{BCAD9C13-87B0-417B-800F-9F1FF8D093DE}.Release|Any CPU.ActiveCfg = Release|Any CPU
		{BCAD9C13-87B0-417B-800F-9F1FF8D093DE}.Release|Any CPU.Build.0 = Release|Any CPU
	EndGlobalSection
	GlobalSection(SolutionProperties) = preSolution
		HideSolutionNode = FALSE
	EndGlobalSection
	GlobalSection(NestedProjects) = preSolution
		{C6E6A5F3-CF84-4BB1-8E34-063129A9F746} = {72CC514D-3143-469C-997D-4C1545C3CD5A}
		{144BEEE9-2391-4F77-B660-1979494824EC} = {AF331493-F80A-4DC0-813C-4488B8C27386}
		{29EF89AF-6E9A-47D3-B763-B36E2D5EE740} = {7C263402-8569-4C1A-B989-DF71E25B67EA}
		{44AEF3C0-F56D-43D4-A502-92FCDA0CB215} = {EE131422-3D6D-435E-AED6-7FABF88D4CA2}
		{9CDEC677-A853-4914-A6F4-84A7FAAB202E} = {72CC514D-3143-469C-997D-4C1545C3CD5A}
		{A644040B-4F7B-4DEB-8280-27B77A3B445E} = {AF331493-F80A-4DC0-813C-4488B8C27386}
		{44357F8D-7C05-4ACE-A236-2E5330666234} = {72CC514D-3143-469C-997D-4C1545C3CD5A}
		{00FA2D39-114F-4FF4-A957-9E223DEE5CBF} = {EE131422-3D6D-435E-AED6-7FABF88D4CA2}
		{BCAD9C13-87B0-417B-800F-9F1FF8D093DE} = {EE131422-3D6D-435E-AED6-7FABF88D4CA2}
	EndGlobalSection
	GlobalSection(ExtensibilityGlobals) = postSolution
		SolutionGuid = {739A196E-79E4-40F0-8333-3295F23E732E}
	EndGlobalSection
EndGlobal
